
Microsoft Visual Studio Solution File, Format Version 12.00
# Visual Studio Version 16
VisualStudioVersion = 16.0.30128.74
MinimumVisualStudioVersion = 10.0.40219.1
Project("{9A19103F-16F7-4668-BE54-9A1E7A4F7556}") = "DotNetCoreConsole", "CONSOLEAPP .NETCORE\DotNetCoreConsole.csproj", "{479C0589-979D-4C01-B969-E58181526047}"
EndProject
Project("{9A19103F-16F7-4668-BE54-9A1E7A4F7556}") = "Methods102", "Methods102\Methods102.csproj", "{EE18A896-D510-4B2E-8C2D-057181C3C709}"
EndProject
Project("{FAE04EC0-301F-11D3-BF4B-00C04F79EFBC}") = "SWITCHStatements", "SWITCHStatements\SWITCHStatements.csproj", "{5CF5B986-C8F8-4CEC-BC56-093AB69F19C8}"
EndProject
Global
	GlobalSection(SolutionConfigurationPlatforms) = preSolution
		Debug|Any CPU = Debug|Any CPU
		Release|Any CPU = Release|Any CPU
	EndGlobalSection
	GlobalSection(ProjectConfigurationPlatforms) = postSolution
		{479C0589-979D-4C01-B969-E58181526047}.Debug|Any CPU.ActiveCfg = Debug|Any CPU
		{479C0589-979D-4C01-B969-E58181526047}.Debug|Any CPU.Build.0 = Debug|Any CPU
		{479C0589-979D-4C01-B969-E58181526047}.Release|Any CPU.ActiveCfg = Release|Any CPU
		{479C0589-979D-4C01-B969-E58181526047}.Release|Any CPU.Build.0 = Release|Any CPU
		{EE18A896-D510-4B2E-8C2D-057181C3C709}.Debug|Any CPU.ActiveCfg = Debug|Any CPU
		{EE18A896-D510-4B2E-8C2D-057181C3C709}.Debug|Any CPU.Build.0 = Debug|Any CPU
		{EE18A896-D510-4B2E-8C2D-057181C3C709}.Release|Any CPU.ActiveCfg = Release|Any CPU
		{EE18A896-D510-4B2E-8C2D-057181C3C709}.Release|Any CPU.Build.0 = Release|Any CPU
		{5CF5B986-C8F8-4CEC-BC56-093AB69F19C8}.Debug|Any CPU.ActiveCfg = Debug|Any CPU
		{5CF5B986-C8F8-4CEC-BC56-093AB69F19C8}.Debug|Any CPU.Build.0 = Debug|Any CPU
		{5CF5B986-C8F8-4CEC-BC56-093AB69F19C8}.Release|Any CPU.ActiveCfg = Release|Any CPU
		{5CF5B986-C8F8-4CEC-BC56-093AB69F19C8}.Release|Any CPU.Build.0 = Release|Any CPU
	EndGlobalSection
	GlobalSection(SolutionProperties) = preSolution
		HideSolutionNode = FALSE
	EndGlobalSection
	GlobalSection(ExtensibilityGlobals) = postSolution
		SolutionGuid = {7CA05437-D241-45AC-83AA-DB2E06194D5F}
	EndGlobalSection
EndGlobal
